
Microsoft Visual Studio Solution File, Format Version 12.00
# Visual Studio 15
VisualStudioVersion = 15.0.28307.902
MinimumVisualStudioVersion = 10.0.40219.1
Project("{FAE04EC0-301F-11D3-BF4B-00C04F79EFBC}") = "GradinNo1", "GradinNo1\GradinNo1.csproj", "{864308A9-F239-4013-951C-877A4CBEF450}"
EndProject
Global
	GlobalSection(SolutionConfigurationPlatforms) = preSolution
		Debug|Any CPU = Debug|Any CPU
		Release|Any CPU = Release|Any CPU
	EndGlobalSection
	GlobalSection(ProjectConfigurationPlatforms) = postSolution
		{864308A9-F239-4013-951C-877A4CBEF450}.Debug|Any CPU.ActiveCfg = Debug|Any CPU
		{864308A9-F239-4013-951C-877A4CBEF450}.Debug|Any CPU.Build.0 = Debug|Any CPU
		{864308A9-F239-4013-951C-877A4CBEF450}.Release|Any CPU.ActiveCfg = Release|Any CPU
		{864308A9-F239-4013-951C-877A4CBEF450}.Release|Any CPU.Build.0 = Release|Any CPU
	EndGlobalSection
	GlobalSection(SolutionProperties) = preSolution
		HideSolutionNode = FALSE
	EndGlobalSection
	GlobalSection(ExtensibilityGlobals) = postSolution
		SolutionGuid = {0838C766-FCD7-43E5-BBA0-910E845D20D6}
	EndGlobalSection
EndGlobal
